
Microsoft Visual Studio Solution File, Format Version 12.00
Project("{FAE04EC0-301F-11D3-BF4B-00C04F79EFBC}") = "JokiNc.Core", "JokiNc.Core\JokiNc.Core.csproj", "{11B3869A-9CFC-46E2-B1DA-C7C751206266}"
EndProject
Project("{FAE04EC0-301F-11D3-BF4B-00C04F79EFBC}") = "JokiNc.Core.Tests", "JokiNc.Core.Tests\JokiNc.Core.Tests.csproj", "{61D97EAB-0552-49B4-976E-FB52AA70D426}"
EndProject
Project("{FAE04EC0-301F-11D3-BF4B-00C04F79EFBC}") = "JokiNc.CSG", "JokiNc.CSG\JokiNc.CSG.csproj", "{7B2843DC-38E0-41B1-824D-0C2BC3BE7BEE}"
EndProject
Global
	GlobalSection(SolutionConfigurationPlatforms) = preSolution
		Debug|Any CPU = Debug|Any CPU
		Release|Any CPU = Release|Any CPU
	EndGlobalSection
	GlobalSection(ProjectConfigurationPlatforms) = postSolution
		{11B3869A-9CFC-46E2-B1DA-C7C751206266}.Debug|Any CPU.ActiveCfg = Debug|Any CPU
		{11B3869A-9CFC-46E2-B1DA-C7C751206266}.Debug|Any CPU.Build.0 = Debug|Any CPU
		{11B3869A-9CFC-46E2-B1DA-C7C751206266}.Release|Any CPU.ActiveCfg = Release|Any CPU
		{11B3869A-9CFC-46E2-B1DA-C7C751206266}.Release|Any CPU.Build.0 = Release|Any CPU
		{61D97EAB-0552-49B4-976E-FB52AA70D426}.Debug|Any CPU.ActiveCfg = Debug|Any CPU
		{61D97EAB-0552-49B4-976E-FB52AA70D426}.Debug|Any CPU.Build.0 = Debug|Any CPU
		{61D97EAB-0552-49B4-976E-FB52AA70D426}.Release|Any CPU.ActiveCfg = Release|Any CPU
		{61D97EAB-0552-49B4-976E-FB52AA70D426}.Release|Any CPU.Build.0 = Release|Any CPU
		{7B2843DC-38E0-41B1-824D-0C2BC3BE7BEE}.Debug|Any CPU.ActiveCfg = Debug|Any CPU
		{7B2843DC-38E0-41B1-824D-0C2BC3BE7BEE}.Debug|Any CPU.Build.0 = Debug|Any CPU
		{7B2843DC-38E0-41B1-824D-0C2BC3BE7BEE}.Release|Any CPU.ActiveCfg = Release|Any CPU
		{7B2843DC-38E0-41B1-824D-0C2BC3BE7BEE}.Release|Any CPU.Build.0 = Release|Any CPU
	EndGlobalSection
EndGlobal
